
Microsoft Visual Studio Solution File, Format Version 12.00
# Visual Studio Version 16
VisualStudioVersion = 16.0.29509.3
MinimumVisualStudioVersion = 10.0.40219.1
Project("{8BC9CEB8-8B4A-11D0-8D11-00A0C91BC942}") = "Exercice1", "Exercice1\Exercice1.vcxproj", "{E2578727-D3A2-4B42-AA0C-470D1A36EE80}"
EndProject
Project("{8BC9CEB8-8B4A-11D0-8D11-00A0C91BC942}") = "Exercice2", "Exercice2\Exercice2.vcxproj", "{9E8159E2-ACD0-42CF-BBD3-914F3E848886}"
EndProject
Global
	GlobalSection(SolutionConfigurationPlatforms) = preSolution
		Debug|x64 = Debug|x64
		Debug|x86 = Debug|x86
		Release|x64 = Release|x64
		Release|x86 = Release|x86
	EndGlobalSection
	GlobalSection(ProjectConfigurationPlatforms) = postSolution
		{E2578727-D3A2-4B42-AA0C-470D1A36EE80}.Debug|x64.ActiveCfg = Debug|x64
		{E2578727-D3A2-4B42-AA0C-470D1A36EE80}.Debug|x64.Build.0 = Debug|x64
		{E2578727-D3A2-4B42-AA0C-470D1A36EE80}.Debug|x86.ActiveCfg = Debug|Win32
		{E2578727-D3A2-4B42-AA0C-470D1A36EE80}.Debug|x86.Build.0 = Debug|Win32
		{E2578727-D3A2-4B42-AA0C-470D1A36EE80}.Release|x64.ActiveCfg = Release|x64
		{E2578727-D3A2-4B42-AA0C-470D1A36EE80}.Release|x64.Build.0 = Release|x64
		{E2578727-D3A2-4B42-AA0C-470D1A36EE80}.Release|x86.ActiveCfg = Release|Win32
		{E2578727-D3A2-4B42-AA0C-470D1A36EE80}.Release|x86.Build.0 = Release|Win32
		{9E8159E2-ACD0-42CF-BBD3-914F3E848886}.Debug|x64.ActiveCfg = Debug|x64
		{9E8159E2-ACD0-42CF-BBD3-914F3E848886}.Debug|x64.Build.0 = Debug|x64
		{9E8159E2-ACD0-42CF-BBD3-914F3E848886}.Debug|x86.ActiveCfg = Debug|Win32
		{9E8159E2-ACD0-42CF-BBD3-914F3E848886}.Debug|x86.Build.0 = Debug|Win32
		{9E8159E2-ACD0-42CF-BBD3-914F3E848886}.Release|x64.ActiveCfg = Release|x64
		{9E8159E2-ACD0-42CF-BBD3-914F3E848886}.Release|x64.Build.0 = Release|x64
		{9E8159E2-ACD0-42CF-BBD3-914F3E848886}.Release|x86.ActiveCfg = Release|Win32
		{9E8159E2-ACD0-42CF-BBD3-914F3E848886}.Release|x86.Build.0 = Release|Win32
	EndGlobalSection
	GlobalSection(SolutionProperties) = preSolution
		HideSolutionNode = FALSE
	EndGlobalSection
	GlobalSection(ExtensibilityGlobals) = postSolution
		SolutionGuid = {2D7B75E0-1B95-4FE4-BEF6-CEBB84E2F5AD}
	EndGlobalSection
EndGlobal
